{
  "name": "atlas",
  "version": "1.0.0",
  "lockfileVersion": 2,
  "requires": true,
  "packages": {
    "": {
      "name": "atlas",
      "version": "1.0.0",
      "license": "MIT",
      "dependencies": {
        "bulma": "^0.9.1",
        "easymde": "^2.13.0"
      }
    },
    "node_modules/@types/codemirror": {
      "version": "5.60.17",
      "resolved": "https://registry.npmjs.org/@types/codemirror/-/codemirror-5.60.17.tgz",
      "integrity": "sha512-AZq2FIsUHVMlp7VSe2hTfl5w4pcUkoFkM3zVsRKsn1ca8CXRDYvnin04+HP2REkwsxemuHqvDofdlhUWNpbwfw==",
      "dependencies": {
        "@types/tern": "*"
      }
    },
    "node_modules/@types/estree": {
      "version": "1.0.9",
      "resolved": "https://registry.npmjs.org/@types/estree/-/estree-1.0.9.tgz",
      "integrity": "sha512-GhdPgy1el4/ImP05X05Uw4cw2/M93BCUmnEvWZNStlCzEKME4Fkk+YpoA5OiHNQmoS7Cafb8Xa3Pya8m1Qrzeg=="
    },
    "node_modules/@types/marked": {
      "version": "4.3.2",
      "resolved": "https://registry.npmjs.org/@types/marked/-/marked-4.3.2.tgz",
      "integrity": "sha512-a79Yc3TOk6dGdituy8hmTTJXjOkZ7zsFYV10L337ttq/rec8lRMDBpV7fL3uLx6TgbFCa5DU/h8FmIBQPSbU0w=="
    },
    "node_modules/@types/tern": {
      "version": "0.23.9",
      "resolved": "https://registry.npmjs.org/@types/tern/-/tern-0.23.9.tgz",
      "integrity": "sha512-ypzHFE/wBzh+BlH6rrBgS5I/Z7RD21pGhZ2rltb/+ZrVM1awdZwjx7hE5XfuYgHWk9uvV5HLZN3SloevCAp3Bw==",
      "dependencies": {
        "@types/estree": "*"
      }
    },
    "node_modules/bulma": {
      "version": "0.9.1",
      "resolved": "https://registry.npmjs.org/bulma/-/bulma-0.9.1.tgz",
      "integrity": "sha512-LSF69OumXg2HSKl2+rN0/OEXJy7WFEb681wtBlNS/ulJYR27J3rORHibdXZ6GVb/vyUzzYK/Arjyh56wjbFedA=="
    },
    "node_modules/codemirror": {
      "version": "5.65.21",
      "resolved": "https://registry.npmjs.org/codemirror/-/codemirror-5.65.21.tgz",
      "integrity": "sha512-6teYk0bA0nR3QP0ihGMoxuKzpl5W80FpnHpBJpgy66NK3cZv5b/d/HY8PnRvfSsCG1MTfr92u2WUl+wT0E40mQ=="
    },
    "node_modules/codemirror-spell-checker": {
      "version": "1.1.2",
      "resolved": "https://registry.npmjs.org/codemirror-spell-checker/-/codemirror-spell-checker-1.1.2.tgz",
      "integrity": "sha1-HGYPkIlIPMtRE7m6nKGcP0mTNx4=",
      "dependencies": {
        "typo-js": "*"
      }
    },
    "node_modules/easymde": {
      "version": "2.21.0",
      "resolved": "https://registry.npmjs.org/easymde/-/easymde-2.21.0.tgz",
      "integrity": "sha512-5uE7I/DEN8gvGRwxaqAv7h1PMEK2ykNXVX5zL0dK3nCYROGja3AMbdQz8eCEELnfvCfy7tRkTmLuvyJG8uSWjQ==",
      "dependencies": {
        "@types/codemirror": "^5.60.10",
        "@types/marked": "^4.0.7",
        "codemirror": "^5.65.15",
        "codemirror-spell-checker": "1.1.2",
        "marked": "^4.1.0"
      }
    },
    "node_modules/marked": {
      "version": "4.3.0",
      "resolved": "https://registry.npmjs.org/marked/-/marked-4.3.0.tgz",
      "integrity": "sha512-PRsaiG84bK+AMvxziE/lCFss8juXjNaWzVbN5tXAm4XjeaS9NAHhop+PjQxz2A9h8Q4M/xGmzP8vqNwy6JeK0A==",
      "bin": {
        "marked": "bin/marked.js"
      },
      "engines": {
        "node": ">= 12"
      }
    },
    "node_modules/typo-js": {
      "version": "1.2.0",
      "resolved": "https://registry.npmjs.org/typo-js/-/typo-js-1.2.0.tgz",
      "integrity": "sha512-dELuLBVa2jvWdU/CHTKi2L/POYaRupv942k+vRsFXsM17acXesQGAiGCio82RW7fvcr7bkuD/Zj8XpUh6aPC2A=="
    }
  },
  "dependencies": {
    "@types/codemirror": {
      "version": "5.60.17",
      "resolved": "https://registry.npmjs.org/@types/codemirror/-/codemirror-5.60.17.tgz",
      "integrity": "sha512-AZq2FIsUHVMlp7VSe2hTfl5w4pcUkoFkM3zVsRKsn1ca8CXRDYvnin04+HP2REkwsxemuHqvDofdlhUWNpbwfw==",
      "requires": {
        "@types/tern": "*"
      }
    },
    "@types/estree": {
      "version": "1.0.9",
      "resolved": "https://registry.npmjs.org/@types/estree/-/estree-1.0.9.tgz",
      "integrity": "sha512-GhdPgy1el4/ImP05X05Uw4cw2/M93BCUmnEvWZNStlCzEKME4Fkk+YpoA5OiHNQmoS7Cafb8Xa3Pya8m1Qrzeg=="
    },
    "@types/marked": {
      "version": "4.3.2",
      "resolved": "https://registry.npmjs.org/@types/marked/-/marked-4.3.2.tgz",
      "integrity": "sha512-a79Yc3TOk6dGdituy8hmTTJXjOkZ7zsFYV10L337ttq/rec8lRMDBpV7fL3uLx6TgbFCa5DU/h8FmIBQPSbU0w=="
    },
    "@types/tern": {
      "version": "0.23.9",
      "resolved": "https://registry.npmjs.org/@types/tern/-/tern-0.23.9.tgz",
      "integrity": "sha512-ypzHFE/wBzh+BlH6rrBgS5I/Z7RD21pGhZ2rltb/+ZrVM1awdZwjx7hE5XfuYgHWk9uvV5HLZN3SloevCAp3Bw==",
      "requires": {
        "@types/estree": "*"
      }
    },
    "bulma": {
      "version": "0.9.1",
      "resolved": "https://registry.npmjs.org/bulma/-/bulma-0.9.1.tgz",
      "integrity": "sha512-LSF69OumXg2HSKl2+rN0/OEXJy7WFEb681wtBlNS/ulJYR27J3rORHibdXZ6GVb/vyUzzYK/Arjyh56wjbFedA=="
    },
    "codemirror": {
      "version": "5.65.21",
      "resolved": "https://registry.npmjs.org/codemirror/-/codemirror-5.65.21.tgz",
      "integrity": "sha512-6teYk0bA0nR3QP0ihGMoxuKzpl5W80FpnHpBJpgy66NK3cZv5b/d/HY8PnRvfSsCG1MTfr92u2WUl+wT0E40mQ=="
    },
    "codemirror-spell-checker": {
      "version": "1.1.2",
      "resolved": "https://registry.npmjs.org/codemirror-spell-checker/-/codemirror-spell-checker-1.1.2.tgz",
      "integrity": "sha1-HGYPkIlIPMtRE7m6nKGcP0mTNx4=",
      "requires": {
        "typo-js": "*"
      }
    },
    "easymde": {
      "version": "2.21.0",
      "resolved": "https://registry.npmjs.org/easymde/-/easymde-2.21.0.tgz",
      "integrity": "sha512-5uE7I/DEN8gvGRwxaqAv7h1PMEK2ykNXVX5zL0dK3nCYROGja3AMbdQz8eCEELnfvCfy7tRkTmLuvyJG8uSWjQ==",
      "requires": {
        "@types/codemirror": "^5.60.10",
        "@types/marked": "^4.0.7",
        "codemirror": "^5.65.15",
        "codemirror-spell-checker": "1.1.2",
        "marked": "^4.1.0"
      }
    },
    "marked": {
      "version": "4.3.0",
      "resolved": "https://registry.npmjs.org/marked/-/marked-4.3.0.tgz",
      "integrity": "sha512-PRsaiG84bK+AMvxziE/lCFss8juXjNaWzVbN5tXAm4XjeaS9NAHhop+PjQxz2A9h8Q4M/xGmzP8vqNwy6JeK0A=="
    },
    "typo-js": {
      "version": "1.2.0",
      "resolved": "https://registry.npmjs.org/typo-js/-/typo-js-1.2.0.tgz",
      "integrity": "sha512-dELuLBVa2jvWdU/CHTKi2L/POYaRupv942k+vRsFXsM17acXesQGAiGCio82RW7fvcr7bkuD/Zj8XpUh6aPC2A=="
    }
  }
}
